// !$*UTF8*$!
{
	archiveVersion = 1;
	classes = {
	};
	objectVersion = 50;
	objects = {

/* Begin PBXBuildFile section */
		235F60CDA0CF7F79159E884A /* Pods_Flix_FlixUITests.framework in Frameworks */ = {isa = PBXBuildFile; fileRef = 3717DE7E7D7590738089B51B /* Pods_Flix_FlixUITests.framework */; };
		3B7643593CD0019118F95FB9 /* Pods_Flix.framework in Frameworks */ = {isa = PBXBuildFile; fileRef = ABC4A78AF2739002BFEA13AB /* Pods_Flix.framework */; };
		5A0FC9C2A5AACCC6E57836CD /* Pods_FlixTests.framework in Frameworks */ = {isa = PBXBuildFile; fileRef = 67343C10630639D5EFBCFB79 /* Pods_FlixTests.framework */; };
		63431CAF25088C6C00A33FA9 /* AppDelegate.swift in Sources */ = {isa = PBXBuildFile; fileRef = 63431CAE25088C6C00A33FA9 /* AppDelegate.swift */; };
		63431CB125088C6C00A33FA9 /* SceneDelegate.swift in Sources */ = {isa = PBXBuildFile; fileRef = 63431CB025088C6C00A33FA9 /* SceneDelegate.swift */; };
		63431CB325088C6C00A33FA9 /* MoviesViewController.swift in Sources */ = {isa = PBXBuildFile; fileRef = 63431CB225088C6C00A33FA9 /* MoviesViewController.swift */; };
		63431CB625088C6C00A33FA9 /* Main.storyboard in Resources */ = {isa = PBXBuildFile; fileRef = 63431CB425088C6C00A33FA9 /* Main.storyboard */; };
		63431CB825088C6E00A33FA9 /* Assets.xcassets in Resources */ = {isa = PBXBuildFile; fileRef = 63431CB725088C6E00A33FA9 /* Assets.xcassets */; };
		63431CBB25088C6E00A33FA9 /* LaunchScreen.storyboard in Resources */ = {isa = PBXBuildFile; fileRef = 63431CB925088C6E00A33FA9 /* LaunchScreen.storyboard */; };
		63431CC625088C6E00A33FA9 /* FlixTests.swift in Sources */ = {isa = PBXBuildFile; fileRef = 63431CC525088C6E00A33FA9 /* FlixTests.swift */; };
		63431CD125088C6E00A33FA9 /* FlixUITests.swift in Sources */ = {isa = PBXBuildFile; fileRef = 63431CD025088C6E00A33FA9 /* FlixUITests.swift */; };
		63431CDF25088CDE00A33FA9 /* DataManager.swift in Sources */ = {isa = PBXBuildFile; fileRef = 63431CDE25088CDE00A33FA9 /* DataManager.swift */; };
/* End PBXBuildFile section */

/* Begin PBXContainerItemProxy section */
		63431CC225088C6E00A33FA9 /* PBXContainerItemProxy */ = {
			isa = PBXContainerItemProxy;
			containerPortal = 63431CA325088C6C00A33FA9 /* Project object */;
			proxyType = 1;
			remoteGlobalIDString = 63431CAA25088C6C00A33FA9;
			remoteInfo = Flix;
		};
		63431CCD25088C6E00A33FA9 /* PBXContainerItemProxy */ = {
			isa = PBXContainerItemProxy;
			containerPortal = 63431CA325088C6C00A33FA9 /* Project object */;
			proxyType = 1;
			remoteGlobalIDString = 63431CAA25088C6C00A33FA9;
			remoteInfo = Flix;
		};
/* End PBXContainerItemProxy section */

/* Begin PBXFileReference section */
		1FE03A830B042D79FE838500 /* Pods-FlixTests.debug.xcconfig */ = {isa = PBXFileReference; includeInIndex = 1; lastKnownFileType = text.xcconfig; name = "Pods-FlixTests.debug.xcconfig"; path = "Target Support Files/Pods-FlixTests/Pods-FlixTests.debug.xcconfig"; sourceTree = "<group>"; };
		3717DE7E7D7590738089B51B /* Pods_Flix_FlixUITests.framework */ = {isa = PBXFileReference; explicitFileType = wrapper.framework; includeInIndex = 0; path = Pods_Flix_FlixUITests.framework; sourceTree = BUILT_PRODUCTS_DIR; };
		63431CAB25088C6C00A33FA9 /* Flix.app */ = {isa = PBXFileReference; explicitFileType = wrapper.application; includeInIndex = 0; path = Flix.app; sourceTree = BUILT_PRODUCTS_DIR; };
		63431CAE25088C6C00A33FA9 /* AppDelegate.swift */ = {isa = PBXFileReference; lastKnownFileType = sourcecode.swift; path = AppDelegate.swift; sourceTree = "<group>"; };
		63431CB025088C6C00A33FA9 /* SceneDelegate.swift */ = {isa = PBXFileReference; lastKnownFileType = sourcecode.swift; path = SceneDelegate.swift; sourceTree = "<group>"; };
		63431CB225088C6C00A33FA9 /* MoviesViewController.swift */ = {isa = PBXFileReference; lastKnownFileType = sourcecode.swift; path = MoviesViewController.swift; sourceTree = "<group>"; };
		63431CB525088C6C00A33FA9 /* Base */ = {isa = PBXFileReference; lastKnownFileType = file.storyboard; name = Base; path = Base.lproj/Main.storyboard; sourceTree = "<group>"; };
		63431CB725088C6E00A33FA9 /* Assets.xcassets */ = {isa = PBXFileReference; lastKnownFileType = folder.assetcatalog; path = Assets.xcassets; sourceTree = "<group>"; };
		63431CBA25088C6E00A33FA9 /* Base */ = {isa = PBXFileReference; lastKnownFileType = file.storyboard; name = Base; path = Base.lproj/LaunchScreen.storyboard; sourceTree = "<group>"; };
		63431CBC25088C6E00A33FA9 /* Info.plist */ = {isa = PBXFileReference; lastKnownFileType = text.plist.xml; path = Info.plist; sourceTree = "<group>"; };
		63431CC125088C6E00A33FA9 /* FlixTests.xctest */ = {isa = PBXFileReference; explicitFileType = wrapper.cfbundle; includeInIndex = 0; path = FlixTests.xctest; sourceTree = BUILT_PRODUCTS_DIR; };
		63431CC525088C6E00A33FA9 /* FlixTests.swift */ = {isa = PBXFileReference; lastKnownFileType = sourcecode.swift; path = FlixTests.swift; sourceTree = "<group>"; };
		63431CC725088C6E00A33FA9 /* Info.plist */ = {isa = PBXFileReference; lastKnownFileType = text.plist.xml; path = Info.plist; sourceTree = "<group>"; };
		63431CCC25088C6E00A33FA9 /* FlixUITests.xctest */ = {isa = PBXFileReference; explicitFileType = wrapper.cfbundle; includeInIndex = 0; path = FlixUITests.xctest; sourceTree = BUILT_PRODUCTS_DIR; };
		63431CD025088C6E00A33FA9 /* FlixUITests.swift */ = {isa = PBXFileReference; lastKnownFileType = sourcecode.swift; path = FlixUITests.swift; sourceTree = "<group>"; };
		63431CD225088C6E00A33FA9 /* Info.plist */ = {isa = PBXFileReference; lastKnownFileType = text.plist.xml; path = Info.plist; sourceTree = "<group>"; };
		63431CDE25088CDE00A33FA9 /* DataManager.swift */ = {isa = PBXFileReference; lastKnownFileType = sourcecode.swift; path = DataManager.swift; sourceTree = "<group>"; };
		67343C10630639D5EFBCFB79 /* Pods_FlixTests.framework */ = {isa = PBXFileReference; explicitFileType = wrapper.framework; includeInIndex = 0; path = Pods_FlixTests.framework; sourceTree = BUILT_PRODUCTS_DIR; };
		88E0B31E6416FF69ABF6C092 /* Pods-FlixTests.release.xcconfig */ = {isa = PBXFileReference; includeInIndex = 1; lastKnownFileType = text.xcconfig; name = "Pods-FlixTests.release.xcconfig"; path = "Target Support Files/Pods-FlixTests/Pods-FlixTests.release.xcconfig"; sourceTree = "<group>"; };
		99216025051FFA1EF2131719 /* Pods-Flix.debug.xcconfig */ = {isa = PBXFileReference; includeInIndex = 1; lastKnownFileType = text.xcconfig; name = "Pods-Flix.debug.xcconfig"; path = "Target Support Files/Pods-Flix/Pods-Flix.debug.xcconfig"; sourceTree = "<group>"; };
		A31C81A30CC34E371BE4E03E /* Pods-Flix-FlixUITests.debug.xcconfig */ = {isa = PBXFileReference; includeInIndex = 1; lastKnownFileType = text.xcconfig; name = "Pods-Flix-FlixUITests.debug.xcconfig"; path = "Target Support Files/Pods-Flix-FlixUITests/Pods-Flix-FlixUITests.debug.xcconfig"; sourceTree = "<group>"; };
		ABC4A78AF2739002BFEA13AB /* Pods_Flix.framework */ = {isa = PBXFileReference; explicitFileType = wrapper.framework; includeInIndex = 0; path = Pods_Flix.framework; sourceTree = BUILT_PRODUCTS_DIR; };
		C837BD07DD99ED07E03079FA /* Pods-Flix-FlixUITests.release.xcconfig */ = {isa = PBXFileReference; includeInIndex = 1; lastKnownFileType = text.xcconfig; name = "Pods-Flix-FlixUITests.release.xcconfig"; path = "Target Support Files/Pods-Flix-FlixUITests/Pods-Flix-FlixUITests.release.xcconfig"; sourceTree = "<group>"; };
		C998E6551365CD7D8376013C /* Pods-Flix.release.xcconfig */ = {isa = PBXFileReference; includeInIndex = 1; lastKnownFileType = text.xcconfig; name = "Pods-Flix.release.xcconfig"; path = "Target Support Files/Pods-Flix/Pods-Flix.release.xcconfig"; sourceTree = "<group>"; };
/* End PBXFileReference section */

/* Begin PBXFrameworksBuildPhase section */
		63431CA825088C6C00A33FA9 /* Frameworks */ = {
			isa = PBXFrameworksBuildPhase;
			buildActionMask = 2147483647;
			files = (
				3B7643593CD0019118F95FB9 /* Pods_Flix.framework in Frameworks */,
			);
			runOnlyForDeploymentPostprocessing = 0;
		};
		63431CBE25088C6E00A33FA9 /* Frameworks */ = {
			isa = PBXFrameworksBuildPhase;
			buildActionMask = 2147483647;
			files = (
				5A0FC9C2A5AACCC6E57836CD /* Pods_FlixTests.framework in Frameworks */,
			);
			runOnlyForDeploymentPostprocessing = 0;
		};
		63431CC925088C6E00A33FA9 /* Frameworks */ = {
			isa = PBXFrameworksBuildPhase;
			buildActionMask = 2147483647;
			files = (
				235F60CDA0CF7F79159E884A /* Pods_Flix_FlixUITests.framework in Frameworks */,
			);
			runOnlyForDeploymentPostprocessing = 0;
		};
/* End PBXFrameworksBuildPhase section */

/* Begin PBXGroup section */
		06C0D5D7F169B4838210318E /* Pods */ = {
			isa = PBXGroup;
			children = (
				99216025051FFA1EF2131719 /* Pods-Flix.debug.xcconfig */,
				C998E6551365CD7D8376013C /* Pods-Flix.release.xcconfig */,
				A31C81A30CC34E371BE4E03E /* Pods-Flix-FlixUITests.debug.xcconfig */,
				C837BD07DD99ED07E03079FA /* Pods-Flix-FlixUITests.release.xcconfig */,
				1FE03A830B042D79FE838500 /* Pods-FlixTests.debug.xcconfig */,
				88E0B31E6416FF69ABF6C092 /* Pods-FlixTests.release.xcconfig */,
			);
			name = Pods;
			path = Pods;
			sourceTree = "<group>";
		};
		63431CA225088C6C00A33FA9 = {
			isa = PBXGroup;
			children = (
				63431CAD25088C6C00A33FA9 /* Flix */,
				63431CC425088C6E00A33FA9 /* FlixTests */,
				63431CCF25088C6E00A33FA9 /* FlixUITests */,
				63431CAC25088C6C00A33FA9 /* Products */,
				06C0D5D7F169B4838210318E /* Pods */,
				C901399FFC20D5CFDB1EA0F0 /* Frameworks */,
			);
			sourceTree = "<group>";
		};
		63431CAC25088C6C00A33FA9 /* Products */ = {
			isa = PBXGroup;
			children = (
				63431CAB25088C6C00A33FA9 /* Flix.app */,
				63431CC125088C6E00A33FA9 /* FlixTests.xctest */,
				63431CCC25088C6E00A33FA9 /* FlixUITests.xctest */,
			);
			name = Products;
			sourceTree = "<group>";
		};
		63431CAD25088C6C00A33FA9 /* Flix */ = {
			isa = PBXGroup;
			children = (
				63431CAE25088C6C00A33FA9 /* AppDelegate.swift */,
				63431CB025088C6C00A33FA9 /* SceneDelegate.swift */,
				63431CB225088C6C00A33FA9 /* MoviesViewController.swift */,
				63431CDE25088CDE00A33FA9 /* DataManager.swift */,
				63431CB425088C6C00A33FA9 /* Main.storyboard */,
				63431CB725088C6E00A33FA9 /* Assets.xcassets */,
				63431CB925088C6E00A33FA9 /* LaunchScreen.storyboard */,
				63431CBC25088C6E00A33FA9 /* Info.plist */,
			);
			path = Flix;
			sourceTree = "<group>";
		};
		63431CC425088C6E00A33FA9 /* FlixTests */ = {
			isa = PBXGroup;
			children = (
				63431CC525088C6E00A33FA9 /* FlixTests.swift */,
				63431CC725088C6E00A33FA9 /* Info.plist */,
			);
			path = FlixTests;
			sourceTree = "<group>";
		};
		63431CCF25088C6E00A33FA9 /* FlixUITests */ = {
			isa = PBXGroup;
			children = (
				63431CD025088C6E00A33FA9 /* FlixUITests.swift */,
				63431CD225088C6E00A33FA9 /* Info.plist */,
			);
			path = FlixUITests;
			sourceTree = "<group>";
		};
		C901399FFC20D5CFDB1EA0F0 /* Frameworks */ = {
			isa = PBXGroup;
			children = (
				ABC4A78AF2739002BFEA13AB /* Pods_Flix.framework */,
				3717DE7E7D7590738089B51B /* Pods_Flix_FlixUITests.framework */,
				67343C10630639D5EFBCFB79 /* Pods_FlixTests.framework */,
			);
			name = Frameworks;
			sourceTree = "<group>";
		};
/* End PBXGroup section */

/* Begin PBXNativeTarget section */
		63431CAA25088C6C00A33FA9 /* Flix */ = {
			isa = PBXNativeTarget;
			buildConfigurationList = 63431CD525088C6E00A33FA9 /* Build configuration list for PBXNativeTarget "Flix" */;
			buildPhases = (
				47D76A2FFB3BC18244F4C1B6 /* [CP] Check Pods Manifest.lock */,
				63431CA725088C6C00A33FA9 /* Sources */,
				63431CA825088C6C00A33FA9 /* Frameworks */,
				63431CA925088C6C00A33FA9 /* Resources */,
				4D649EA1526D9635993CE61F /* [CP] Embed Pods Frameworks */,
			);
			buildRules = (
			);
			dependencies = (
			);
			name = Flix;
			productName = Flix;
			productReference = 63431CAB25088C6C00A33FA9 /* Flix.app */;
			productType = "com.apple.product-type.application";
		};
		63431CC025088C6E00A33FA9 /* FlixTests */ = {
			isa = PBXNativeTarget;
			buildConfigurationList = 63431CD825088C6E00A33FA9 /* Build configuration list for PBXNativeTarget "FlixTests" */;
			buildPhases = (
				59266D482DF389BE6338C7B5 /* [CP] Check Pods Manifest.lock */,
				63431CBD25088C6E00A33FA9 /* Sources */,
				63431CBE25088C6E00A33FA9 /* Frameworks */,
				63431CBF25088C6E00A33FA9 /* Resources */,
			);
			buildRules = (
			);
			dependencies = (
				63431CC325088C6E00A33FA9 /* PBXTargetDependency */,
			);
			name = FlixTests;
			productName = FlixTests;
			productReference = 63431CC125088C6E00A33FA9 /* FlixTests.xctest */;
			productType = "com.apple.product-type.bundle.unit-test";
		};
		63431CCB25088C6E00A33FA9 /* FlixUITests */ = {
			isa = PBXNativeTarget;
			buildConfigurationList = 63431CDB25088C6E00A33FA9 /* Build configuration list for PBXNativeTarget "FlixUITests" */;
			buildPhases = (
				99F845223037F0319717D389 /* [CP] Check Pods Manifest.lock */,
				63431CC825088C6E00A33FA9 /* Sources */,
				63431CC925088C6E00A33FA9 /* Frameworks */,
				63431CCA25088C6E00A33FA9 /* Resources */,
				3B83180D2CB1C6C9B62F6B9D /* [CP] Embed Pods Frameworks */,
			);
			buildRules = (
			);
			dependencies = (
				63431CCE25088C6E00A33FA9 /* PBXTargetDependency */,
			);
			name = FlixUITests;
			productName = FlixUITests;
			productReference = 63431CCC25088C6E00A33FA9 /* FlixUITests.xctest */;
			productType = "com.apple.product-type.bundle.ui-testing";
		};
/* End PBXNativeTarget section */

/* Begin PBXProject section */
		63431CA325088C6C00A33FA9 /* Project object */ = {
			isa = PBXProject;
			attributes = {
				LastSwiftUpdateCheck = 1160;
				LastUpgradeCheck = 1160;
				ORGANIZATIONNAME = Codepath;
				TargetAttributes = {
					63431CAA25088C6C00A33FA9 = {
						CreatedOnToolsVersion = 11.6;
					};
					63431CC025088C6E00A33FA9 = {
						CreatedOnToolsVersion = 11.6;
						TestTargetID = 63431CAA25088C6C00A33FA9;
					};
					63431CCB25088C6E00A33FA9 = {
						CreatedOnToolsVersion = 11.6;
						TestTargetID = 63431CAA25088C6C00A33FA9;
					};
				};
			};
			buildConfigurationList = 63431CA625088C6C00A33FA9 /* Build configuration list for PBXProject "Flix" */;
			compatibilityVersion = "Xcode 9.3";
			developmentRegion = en;
			hasScannedForEncodings = 0;
			knownRegions = (
				en,
				Base,
			);
			mainGroup = 63431CA225088C6C00A33FA9;
			productRefGroup = 63431CAC25088C6C00A33FA9 /* Products */;
			projectDirPath = "";
			projectRoot = "";
			targets = (
				63431CAA25088C6C00A33FA9 /* Flix */,
				63431CC025088C6E00A33FA9 /* FlixTests */,
				63431CCB25088C6E00A33FA9 /* FlixUITests */,
			);
		};
/* End PBXProject section */

/* Begin PBXResourcesBuildPhase section */
		63431CA925088C6C00A33FA9 /* Resources */ = {
			isa = PBXResourcesBuildPhase;
			buildActionMask = 2147483647;
			files = (
				63431CBB25088C6E00A33FA9 /* LaunchScreen.storyboard in Resources */,
				63431CB825088C6E00A33FA9 /* Assets.xcassets in Resources */,
				63431CB625088C6C00A33FA9 /* Main.storyboard in Resources */,
			);
			runOnlyForDeploymentPostprocessing = 0;
		};
		63431CBF25088C6E00A33FA9 /* Resources */ = {
			isa = PBXResourcesBuildPhase;
			buildActionMask = 2147483647;
			files = (
			);
			runOnlyForDeploymentPostprocessing = 0;
		};
		63431CCA25088C6E00A33FA9 /* Resources */ = {
			isa = PBXResourcesBuildPhase;
			buildActionMask = 2147483647;
			files = (
			);
			runOnlyForDeploymentPostprocessing = 0;
		};
/* End PBXResourcesBuildPhase section */

/* Begin PBXShellScriptBuildPhase section */
		3B83180D2CB1C6C9B62F6B9D /* [CP] Embed Pods Frameworks */ = {
			isa = PBXShellScriptBuildPhase;
			buildActionMask = 2147483647;
			files = (
			);
			inputFileListPaths = (
				"${PODS_ROOT}/Target Support Files/Pods-Flix-FlixUITests/Pods-Flix-FlixUITests-frameworks-${CONFIGURATION}-input-files.xcfilelist",
			);
			name = "[CP] Embed Pods Frameworks";
			outputFileListPaths = (
				"${PODS_ROOT}/Target Support Files/Pods-Flix-FlixUITests/Pods-Flix-FlixUITests-frameworks-${CONFIGURATION}-output-files.xcfilelist",
			);
			runOnlyForDeploymentPostprocessing = 0;
			shellPath = /bin/sh;
			shellScript = "\"${PODS_ROOT}/Target Support Files/Pods-Flix-FlixUITests/Pods-Flix-FlixUITests-frameworks.sh\"\n";
			showEnvVarsInLog = 0;
		};
		47D76A2FFB3BC18244F4C1B6 /* [CP] Check Pods Manifest.lock */ = {
			isa = PBXShellScriptBuildPhase;
			buildActionMask = 2147483647;
			files = (
			);
			inputFileListPaths = (
			);
			inputPaths = (
				"${PODS_PODFILE_DIR_PATH}/Podfile.lock",
				"${PODS_ROOT}/Manifest.lock",
			);
			name = "[CP] Check Pods Manifest.lock";
			outputFileListPaths = (
			);
			outputPaths = (
				"$(DERIVED_FILE_DIR)/Pods-Flix-checkManifestLockResult.txt",
			);
			runOnlyForDeploymentPostprocessing = 0;
			shellPath = /bin/sh;
			shellScript = "diff \"${PODS_PODFILE_DIR_PATH}/Podfile.lock\" \"${PODS_ROOT}/Manifest.lock\" > /dev/null\nif [ $? != 0 ] ; then\n    # print error to STDERR\n    echo \"error: The sandbox is not in sync with the Podfile.lock. Run 'pod install' or update your CocoaPods installation.\" >&2\n    exit 1\nfi\n# This output is used by Xcode 'outputs' to avoid re-running this script phase.\necho \"SUCCESS\" > \"${SCRIPT_OUTPUT_FILE_0}\"\n";
			showEnvVarsInLog = 0;
		};
		4D649EA1526D9635993CE61F /* [CP] Embed Pods Frameworks */ = {
			isa = PBXShellScriptBuildPhase;
			buildActionMask = 2147483647;
			files = (
			);
			inputFileListPaths = (
				"${PODS_ROOT}/Target Support Files/Pods-Flix/Pods-Flix-frameworks-${CONFIGURATION}-input-files.xcfilelist",
			);
			name = "[CP] Embed Pods Frameworks";
			outputFileListPaths = (
				"${PODS_ROOT}/Target Support Files/Pods-Flix/Pods-Flix-frameworks-${CONFIGURATION}-output-files.xcfilelist",
			);
			runOnlyForDeploymentPostprocessing = 0;
			shellPath = /bin/sh;
			shellScript = "\"${PODS_ROOT}/Target Support Files/Pods-Flix/Pods-Flix-frameworks.sh\"\n";
			showEnvVarsInLog = 0;
		};
		59266D482DF389BE6338C7B5 /* [CP] Check Pods Manifest.lock */ = {
			isa = PBXShellScriptBuildPhase;
			buildActionMask = 2147483647;
			files = (
			);
			inputFileListPaths = (
			);
			inputPaths = (
				"${PODS_PODFILE_DIR_PATH}/Podfile.lock",
				"${PODS_ROOT}/Manifest.lock",
			);
			name = "[CP] Check Pods Manifest.lock";
			outputFileListPaths = (
			);
			outputPaths = (
				"$(DERIVED_FILE_DIR)/Pods-FlixTests-checkManifestLockResult.txt",
			);
			runOnlyForDeploymentPostprocessing = 0;
			shellPath = /bin/sh;
			shellScript = "diff \"${PODS_PODFILE_DIR_PATH}/Podfile.lock\" \"${PODS_ROOT}/Manifest.lock\" > /dev/null\nif [ $? != 0 ] ; then\n    # print error to STDERR\n    echo \"error: The sandbox is not in sync with the Podfile.lock. Run 'pod install' or update your CocoaPods installation.\" >&2\n    exit 1\nfi\n# This output is used by Xcode 'outputs' to avoid re-running this script phase.\necho \"SUCCESS\" > \"${SCRIPT_OUTPUT_FILE_0}\"\n";
			showEnvVarsInLog = 0;
		};
		99F845223037F0319717D389 /* [CP] Check Pods Manifest.lock */ = {
			isa = PBXShellScriptBuildPhase;
			buildActionMask = 2147483647;
			files = (
			);
			inputFileListPaths = (
			);
			inputPaths = (
				"${PODS_PODFILE_DIR_PATH}/Podfile.lock",
				"${PODS_ROOT}/Manifest.lock",
			);
			name = "[CP] Check Pods Manifest.lock";
			outputFileListPaths = (
			);
			outputPaths = (
				"$(DERIVED_FILE_DIR)/Pods-Flix-FlixUITests-checkManifestLockResult.txt",
			);
			runOnlyForDeploymentPostprocessing = 0;
			shellPath = /bin/sh;
			shellScript = "diff \"${PODS_PODFILE_DIR_PATH}/Podfile.lock\" \"${PODS_ROOT}/Manifest.lock\" > /dev/null\nif [ $? != 0 ] ; then\n    # print error to STDERR\n    echo \"error: The sandbox is not in sync with the Podfile.lock. Run 'pod install' or update your CocoaPods installation.\" >&2\n    exit 1\nfi\n# This output is used by Xcode 'outputs' to avoid re-running this script phase.\necho \"SUCCESS\" > \"${SCRIPT_OUTPUT_FILE_0}\"\n";
			showEnvVarsInLog = 0;
		};
/* End PBXShellScriptBuildPhase section */

/* Begin PBXSourcesBuildPhase section */
		63431CA725088C6C00A33FA9 /* Sources */ = {
			isa = PBXSourcesBuildPhase;
			buildActionMask = 2147483647;
			files = (
				63431CB325088C6C00A33FA9 /* MoviesViewController.swift in Sources */,
				63431CDF25088CDE00A33FA9 /* DataManager.swift in Sources */,
				63431CAF25088C6C00A33FA9 /* AppDelegate.swift in Sources */,
				63431CB125088C6C00A33FA9 /* SceneDelegate.swift in Sources */,
			);
			runOnlyForDeploymentPostprocessing = 0;
		};
		63431CBD25088C6E00A33FA9 /* Sources */ = {
			isa = PBXSourcesBuildPhase;
			buildActionMask = 2147483647;
			files = (
				63431CC625088C6E00A33FA9 /* FlixTests.swift in Sources */,
			);
			runOnlyForDeploymentPostprocessing = 0;
		};
		63431CC825088C6E00A33FA9 /* Sources */ = {
			isa = PBXSourcesBuildPhase;
			buildActionMask = 2147483647;
			files = (
				63431CD125088C6E00A33FA9 /* FlixUITests.swift in Sources */,
			);
			runOnlyForDeploymentPostprocessing = 0;
		};
/* End PBXSourcesBuildPhase section */

/* Begin PBXTargetDependency section */
		63431CC325088C6E00A33FA9 /* PBXTargetDependency */ = {
			isa = PBXTargetDependency;
			target = 63431CAA25088C6C00A33FA9 /* Flix */;
			targetProxy = 63431CC225088C6E00A33FA9 /* PBXContainerItemProxy */;
		};
		63431CCE25088C6E00A33FA9 /* PBXTargetDependency */ = {
			isa = PBXTargetDependency;
			target = 63431CAA25088C6C00A33FA9 /* Flix */;
			targetProxy = 63431CCD25088C6E00A33FA9 /* PBXContainerItemProxy */;
		};
/* End PBXTargetDependency section */

/* Begin PBXVariantGroup section */
		63431CB425088C6C00A33FA9 /* Main.storyboard */ = {
			isa = PBXVariantGroup;
			children = (
				63431CB525088C6C00A33FA9 /* Base */,
			);
			name = Main.storyboard;
			sourceTree = "<group>";
		};
		63431CB925088C6E00A33FA9 /* LaunchScreen.storyboard */ = {
			isa = PBXVariantGroup;
			children = (
				63431CBA25088C6E00A33FA9 /* Base */,
			);
			name = LaunchScreen.storyboard;
			sourceTree = "<group>";
		};
/* End PBXVariantGroup section */

/* Begin XCBuildConfiguration section */
		63431CD325088C6E00A33FA9 /* Debug */ = {
			isa = XCBuildConfiguration;
			buildSettings = {
				ALWAYS_SEARCH_USER_PATHS = NO;
				CLANG_ANALYZER_NONNULL = YES;
				CLANG_ANALYZER_NUMBER_OBJECT_CONVERSION = YES_AGGRESSIVE;
				CLANG_CXX_LANGUAGE_STANDARD = "gnu++14";
				CLANG_CXX_LIBRARY = "libc++";
				CLANG_ENABLE_MODULES = YES;
				CLANG_ENABLE_OBJC_ARC = YES;
				CLANG_ENABLE_OBJC_WEAK = YES;
				CLANG_WARN_BLOCK_CAPTURE_AUTORELEASING = YES;
				CLANG_WARN_BOOL_CONVERSION = YES;
				CLANG_WARN_COMMA = YES;
				CLANG_WARN_CONSTANT_CONVERSION = YES;
				CLANG_WARN_DEPRECATED_OBJC_IMPLEMENTATIONS = YES;
				CLANG_WARN_DIRECT_OBJC_ISA_USAGE = YES_ERROR;
				CLANG_WARN_DOCUMENTATION_COMMENTS = YES;
				CLANG_WARN_EMPTY_BODY = YES;
				CLANG_WARN_ENUM_CONVERSION = YES;
				CLANG_WARN_INFINITE_RECURSION = YES;
				CLANG_WARN_INT_CONVERSION = YES;
				CLANG_WARN_NON_LITERAL_NULL_CONVERSION = YES;
				CLANG_WARN_OBJC_IMPLICIT_RETAIN_SELF = YES;
				CLANG_WARN_OBJC_LITERAL_CONVERSION = YES;
				CLANG_WARN_OBJC_ROOT_CLASS = YES_ERROR;
				CLANG_WARN_RANGE_LOOP_ANALYSIS = YES;
				CLANG_WARN_STRICT_PROTOTYPES = YES;
				CLANG_WARN_SUSPICIOUS_MOVE = YES;
				CLANG_WARN_UNGUARDED_AVAILABILITY = YES_AGGRESSIVE;
				CLANG_WARN_UNREACHABLE_CODE = YES;
				CLANG_WARN__DUPLICATE_METHOD_MATCH = YES;
				COPY_PHASE_STRIP = NO;
				DEBUG_INFORMATION_FORMAT = dwarf;
				ENABLE_STRICT_OBJC_MSGSEND = YES;
				ENABLE_TESTABILITY = YES;
				GCC_C_LANGUAGE_STANDARD = gnu11;
				GCC_DYNAMIC_NO_PIC = NO;
				GCC_NO_COMMON_BLOCKS = YES;
				GCC_OPTIMIZATION_LEVEL = 0;
				GCC_PREPROCESSOR_DEFINITIONS = (
					"DEBUG=1",
					"$(inherited)",
				);
				GCC_WARN_64_TO_32_BIT_CONVERSION = YES;
				GCC_WARN_ABOUT_RETURN_TYPE = YES_ERROR;
				GCC_WARN_UNDECLARED_SELECTOR = YES;
				GCC_WARN_UNINITIALIZED_AUTOS = YES_AGGRESSIVE;
				GCC_WARN_UNUSED_FUNCTION = YES;
				GCC_WARN_UNUSED_VARIABLE = YES;
				IPHONEOS_DEPLOYMENT_TARGET = 13.6;
				MTL_ENABLE_DEBUG_INFO = INCLUDE_SOURCE;
				MTL_FAST_MATH = YES;
				ONLY_ACTIVE_ARCH = YES;
				SDKROOT = iphoneos;
				SWIFT_ACTIVE_COMPILATION_CONDITIONS = DEBUG;
				SWIFT_OPTIMIZATION_LEVEL = "-Onone";
			};
			name = Debug;
		};
		63431CD425088C6E00A33FA9 /* Release */ = {
			isa = XCBuildConfiguration;
			buildSettings = {
				ALWAYS_SEARCH_USER_PATHS = NO;
				CLANG_ANALYZER_NONNULL = YES;
				CLANG_ANALYZER_NUMBER_OBJECT_CONVERSION = YES_AGGRESSIVE;
				CLANG_CXX_LANGUAGE_STANDARD = "gnu++14";
				CLANG_CXX_LIBRARY = "libc++";
				CLANG_ENABLE_MODULES = YES;
				CLANG_ENABLE_OBJC_ARC = YES;
				CLANG_ENABLE_OBJC_WEAK = YES;
				CLANG_WARN_BLOCK_CAPTURE_AUTORELEASING = YES;
				CLANG_WARN_BOOL_CONVERSION = YES;
				CLANG_WARN_COMMA = YES;
				CLANG_WARN_CONSTANT_CONVERSION = YES;
				CLANG_WARN_DEPRECATED_OBJC_IMPLEMENTATIONS = YES;
				CLANG_WARN_DIRECT_OBJC_ISA_USAGE = YES_ERROR;
				CLANG_WARN_DOCUMENTATION_COMMENTS = YES;
				CLANG_WARN_EMPTY_BODY = YES;
				CLANG_WARN_ENUM_CONVERSION = YES;
				CLANG_WARN_INFINITE_RECURSION = YES;
				CLANG_WARN_INT_CONVERSION = YES;
				CLANG_WARN_NON_LITERAL_NULL_CONVERSION = YES;
				CLANG_WARN_OBJC_IMPLICIT_RETAIN_SELF = YES;
				CLANG_WARN_OBJC_LITERAL_CONVERSION = YES;
				CLANG_WARN_OBJC_ROOT_CLASS = YES_ERROR;
				CLANG_WARN_RANGE_LOOP_ANALYSIS = YES;
				CLANG_WARN_STRICT_PROTOTYPES = YES;
				CLANG_WARN_SUSPICIOUS_MOVE = YES;
				CLANG_WARN_UNGUARDED_AVAILABILITY = YES_AGGRESSIVE;
				CLANG_WARN_UNREACHABLE_CODE = YES;
				CLANG_WARN__DUPLICATE_METHOD_MATCH = YES;
				COPY_PHASE_STRIP = NO;
				DEBUG_INFORMATION_FORMAT = "dwarf-with-dsym";
				ENABLE_NS_ASSERTIONS = NO;
				ENABLE_STRICT_OBJC_MSGSEND = YES;
				GCC_C_LANGUAGE_STANDARD = gnu11;
				GCC_NO_COMMON_BLOCKS = YES;
				GCC_WARN_64_TO_32_BIT_CONVERSION = YES;
				GCC_WARN_ABOUT_RETURN_TYPE = YES_ERROR;
				GCC_WARN_UNDECLARED_SELECTOR = YES;
				GCC_WARN_UNINITIALIZED_AUTOS = YES_AGGRESSIVE;
				GCC_WARN_UNUSED_FUNCTION = YES;
				GCC_WARN_UNUSED_VARIABLE = YES;
				IPHONEOS_DEPLOYMENT_TARGET = 13.6;
				MTL_ENABLE_DEBUG_INFO = NO;
				MTL_FAST_MATH = YES;
				SDKROOT = iphoneos;
				SWIFT_COMPILATION_MODE = wholemodule;
				SWIFT_OPTIMIZATION_LEVEL = "-O";
				VALIDATE_PRODUCT = YES;
			};
			name = Release;
		};
		63431CD625088C6E00A33FA9 /* Debug */ = {
			isa = XCBuildConfiguration;
			baseConfigurationReference = 99216025051FFA1EF2131719 /* Pods-Flix.debug.xcconfig */;
			buildSettings = {
				ASSETCATALOG_COMPILER_APPICON_NAME = AppIcon;
				CODE_SIGN_STYLE = Automatic;
				INFOPLIST_FILE = Flix/Info.plist;
				LD_RUNPATH_SEARCH_PATHS = (
					"$(inherited)",
					"@executable_path/Frameworks",
				);
				PRODUCT_BUNDLE_IDENTIFIER = Codepath.Flix;
				PRODUCT_NAME = "$(TARGET_NAME)";
				SWIFT_VERSION = 5.0;
				TARGETED_DEVICE_FAMILY = "1,2";
			};
			name = Debug;
		};
		63431CD725088C6E00A33FA9 /* Release */ = {
			isa = XCBuildConfiguration;
			baseConfigurationReference = C998E6551365CD7D8376013C /* Pods-Flix.release.xcconfig */;
			buildSettings = {
				ASSETCATALOG_COMPILER_APPICON_NAME = AppIcon;
				CODE_SIGN_STYLE = Automatic;
				INFOPLIST_FILE = Flix/Info.plist;
				LD_RUNPATH_SEARCH_PATHS = (
					"$(inherited)",
					"@executable_path/Frameworks",
				);
				PRODUCT_BUNDLE_IDENTIFIER = Codepath.Flix;
				PRODUCT_NAME = "$(TARGET_NAME)";
				SWIFT_VERSION = 5.0;
				TARGETED_DEVICE_FAMILY = "1,2";
			};
			name = Release;
		};
		63431CD925088C6E00A33FA9 /* Debug */ = {
			isa = XCBuildConfiguration;
			baseConfigurationReference = 1FE03A830B042D79FE838500 /* Pods-FlixTests.debug.xcconfig */;
			buildSettings = {
				ALWAYS_EMBED_SWIFT_STANDARD_LIBRARIES = YES;
				BUNDLE_LOADER = "$(TEST_HOST)";
				CODE_SIGN_STYLE = Automatic;
				INFOPLIST_FILE = FlixTests/Info.plist;
				IPHONEOS_DEPLOYMENT_TARGET = 13.6;
				LD_RUNPATH_SEARCH_PATHS = (
					"$(inherited)",
					"@executable_path/Frameworks",
					"@loader_path/Frameworks",
				);
				PRODUCT_BUNDLE_IDENTIFIER = Codepath.FlixTests;
				PRODUCT_NAME = "$(TARGET_NAME)";
				SWIFT_VERSION = 5.0;
				TARGETED_DEVICE_FAMILY = "1,2";
				TEST_HOST = "$(BUILT_PRODUCTS_DIR)/Flix.app/Flix";
			};
			name = Debug;
		};
		63431CDA25088C6E00A33FA9 /* Release */ = {
			isa = XCBuildConfiguration;
			baseConfigurationReference = 88E0B31E6416FF69ABF6C092 /* Pods-FlixTests.release.xcconfig */;
			buildSettings = {
				ALWAYS_EMBED_SWIFT_STANDARD_LIBRARIES = YES;
				BUNDLE_LOADER = "$(TEST_HOST)";
				CODE_SIGN_STYLE = Automatic;
				INFOPLIST_FILE = FlixTests/Info.plist;
				IPHONEOS_DEPLOYMENT_TARGET = 13.6;
				LD_RUNPATH_SEARCH_PATHS = (
					"$(inherited)",
					"@executable_path/Frameworks",
					"@loader_path/Frameworks",
				);
				PRODUCT_BUNDLE_IDENTIFIER = Codepath.FlixTests;
				PRODUCT_NAME = "$(TARGET_NAME)";
				SWIFT_VERSION = 5.0;
				TARGETED_DEVICE_FAMILY = "1,2";
				TEST_HOST = "$(BUILT_PRODUCTS_DIR)/Flix.app/Flix";
			};
			name = Release;
		};
		63431CDC25088C6E00A33FA9 /* Debug */ = {
			isa = XCBuildConfiguration;
			baseConfigurationReference = A31C81A30CC34E371BE4E03E /* Pods-Flix-FlixUITests.debug.xcconfig */;
			buildSettings = {
				ALWAYS_EMBED_SWIFT_STANDARD_LIBRARIES = YES;
				CODE_SIGN_STYLE = Automatic;
				INFOPLIST_FILE = FlixUITests/Info.plist;
				LD_RUNPATH_SEARCH_PATHS = (
					"$(inherited)",
					"@executable_path/Frameworks",
					"@loader_path/Frameworks",
				);
				PRODUCT_BUNDLE_IDENTIFIER = Codepath.FlixUITests;
				PRODUCT_NAME = "$(TARGET_NAME)";
				SWIFT_VERSION = 5.0;
				TARGETED_DEVICE_FAMILY = "1,2";
				TEST_TARGET_NAME = Flix;
			};
			name = Debug;
		};
		63431CDD25088C6E00A33FA9 /* Release */ = {
			isa = XCBuildConfiguration;
			baseConfigurationReference = C837BD07DD99ED07E03079FA /* Pods-Flix-FlixUITests.release.xcconfig */;
			buildSettings = {
				ALWAYS_EMBED_SWIFT_STANDARD_LIBRARIES = YES;
				CODE_SIGN_STYLE = Automatic;
				INFOPLIST_FILE = FlixUITests/Info.plist;
				LD_RUNPATH_SEARCH_PATHS = (
					"$(inherited)",
					"@executable_path/Frameworks",
					"@loader_path/Frameworks",
				);
				PRODUCT_BUNDLE_IDENTIFIER = Codepath.FlixUITests;
				PRODUCT_NAME = "$(TARGET_NAME)";
				SWIFT_VERSION = 5.0;
				TARGETED_DEVICE_FAMILY = "1,2";
				TEST_TARGET_NAME = Flix;
			};
			name = Release;
		};
/* End XCBuildConfiguration section */

/* Begin XCConfigurationList section */
		63431CA625088C6C00A33FA9 /* Build configuration list for PBXProject "Flix" */ = {
			isa = XCConfigurationList;
			buildConfigurations = (
				63431CD325088C6E00A33FA9 /* Debug */,
				63431CD425088C6E00A33FA9 /* Release */,
			);
			defaultConfigurationIsVisible = 0;
			defaultConfigurationName = Release;
		};
		63431CD525088C6E00A33FA9 /* Build configuration list for PBXNativeTarget "Flix" */ = {
			isa = XCConfigurationList;
			buildConfigurations = (
				63431CD625088C6E00A33FA9 /* Debug */,
				63431CD725088C6E00A33FA9 /* Release */,
			);
			defaultConfigurationIsVisible = 0;
			defaultConfigurationName = Release;
		};
		63431CD825088C6E00A33FA9 /* Build configuration list for PBXNativeTarget "FlixTests" */ = {
			isa = XCConfigurationList;
			buildConfigurations = (
				63431CD925088C6E00A33FA9 /* Debug */,
				63431CDA25088C6E00A33FA9 /* Release */,
			);
			defaultConfigurationIsVisible = 0;
			defaultConfigurationName = Release;
		};
		63431CDB25088C6E00A33FA9 /* Build configuration list for PBXNativeTarget "FlixUITests" */ = {
			isa = XCConfigurationList;
			buildConfigurations = (
				63431CDC25088C6E00A33FA9 /* Debug */,
				63431CDD25088C6E00A33FA9 /* Release */,
			);
			defaultConfigurationIsVisible = 0;
			defaultConfigurationName = Release;
		};
/* End XCConfigurationList section */
	};
	rootObject = 63431CA325088C6C00A33FA9 /* Project object */;
}
